// !$*UTF8*$!
{
	archiveVersion = 1;
	classes = {
	};
	objectVersion = 46;
	objects = {

/* Begin PBXBuildFile section */
		A6C06D9B15F71B6F007D5B43 /* Foundation.framework in Frameworks */ = {isa = PBXBuildFile; fileRef = A6C06D9A15F71B6F007D5B43 /* Foundation.framework */; };
		A6C06D9E15F71B6F007D5B43 /* main.m in Sources */ = {isa = PBXBuildFile; fileRef = A6C06D9D15F71B6F007D5B43 /* main.m */; };
		A6C06DA215F71B6F007D5B43 /* Chapter16_Dirname.1 in CopyFiles */ = {isa = PBXBuildFile; fileRef = A6C06DA115F71B6F007D5B43 /* Chapter16_Dirname.1 */; };
/* End PBXBuildFile section */

/* Begin PBXCopyFilesBuildPhase section */
		A6C06D9415F71B6F007D5B43 /* CopyFiles */ = {
			isa = PBXCopyFilesBuildPhase;
			buildActionMask = 2147483647;
			dstPath = /usr/share/man/man1/;
			dstSubfolderSpec = 0;
			files = (
				A6C06DA215F71B6F007D5B43 /* Chapter16_Dirname.1 in CopyFiles */,
			);
			runOnlyForDeploymentPostprocessing = 1;
		};
/* End PBXCopyFilesBuildPhase section */

/* Begin PBXFileReference section */
		A6C06D9615F71B6F007D5B43 /* Chapter16+Dirname */ = {isa = PBXFileReference; explicitFileType = "compiled.mach-o.executable"; includeInIndex = 0; path = "Chapter16+Dirname"; sourceTree = BUILT_PRODUCTS_DIR; };
		A6C06D9A15F71B6F007D5B43 /* Foundation.framework */ = {isa = PBXFileReference; lastKnownFileType = wrapper.framework; name = Foundation.framework; path = System/Library/Frameworks/Foundation.framework; sourceTree = SDKROOT; };
		A6C06D9D15F71B6F007D5B43 /* main.m */ = {isa = PBXFileReference; lastKnownFileType = sourcecode.c.objc; path = main.m; sourceTree = "<group>"; };
		A6C06DA015F71B6F007D5B43 /* Chapter16+Dirname-Prefix.pch */ = {isa = PBXFileReference; lastKnownFileType = sourcecode.c.h; path = "Chapter16+Dirname-Prefix.pch"; sourceTree = "<group>"; };
		A6C06DA115F71B6F007D5B43 /* Chapter16_Dirname.1 */ = {isa = PBXFileReference; lastKnownFileType = text.man; path = Chapter16_Dirname.1; sourceTree = "<group>"; };
/* End PBXFileReference section */

/* Begin PBXFrameworksBuildPhase section */
		A6C06D9315F71B6F007D5B43 /* Frameworks */ = {
			isa = PBXFrameworksBuildPhase;
			buildActionMask = 2147483647;
			files = (
				A6C06D9B15F71B6F007D5B43 /* Foundation.framework in Frameworks */,
			);
			runOnlyForDeploymentPostprocessing = 0;
		};
/* End PBXFrameworksBuildPhase section */

/* Begin PBXGroup section */
		A6C06D8B15F71B6F007D5B43 = {
			isa = PBXGroup;
			children = (
				A6C06D9C15F71B6F007D5B43 /* Chapter16+Dirname */,
				A6C06D9915F71B6F007D5B43 /* Frameworks */,
				A6C06D9715F71B6F007D5B43 /* Products */,
			);
			sourceTree = "<group>";
		};
		A6C06D9715F71B6F007D5B43 /* Products */ = {
			isa = PBXGroup;
			children = (
				A6C06D9615F71B6F007D5B43 /* Chapter16+Dirname */,
			);
			name = Products;
			sourceTree = "<group>";
		};
		A6C06D9915F71B6F007D5B43 /* Frameworks */ = {
			isa = PBXGroup;
			children = (
				A6C06D9A15F71B6F007D5B43 /* Foundation.framework */,
			);
			name = Frameworks;
			sourceTree = "<group>";
		};
		A6C06D9C15F71B6F007D5B43 /* Chapter16+Dirname */ = {
			isa = PBXGroup;
			children = (
				A6C06D9D15F71B6F007D5B43 /* main.m */,
				A6C06DA115F71B6F007D5B43 /* Chapter16_Dirname.1 */,
				A6C06D9F15F71B6F007D5B43 /* Supporting Files */,
			);
			path = "Chapter16+Dirname";
			sourceTree = "<group>";
		};
		A6C06D9F15F71B6F007D5B43 /* Supporting Files */ = {
			isa = PBXGroup;
			children = (
				A6C06DA015F71B6F007D5B43 /* Chapter16+Dirname-Prefix.pch */,
			);
			name = "Supporting Files";
			sourceTree = "<group>";
		};
/* End PBXGroup section */

/* Begin PBXNativeTarget section */
		A6C06D9515F71B6F007D5B43 /* Chapter16+Dirname */ = {
			isa = PBXNativeTarget;
			buildConfigurationList = A6C06DA515F71B6F007D5B43 /* Build configuration list for PBXNativeTarget "Chapter16+Dirname" */;
			buildPhases = (
				A6C06D9215F71B6F007D5B43 /* Sources */,
				A6C06D9315F71B6F007D5B43 /* Frameworks */,
				A6C06D9415F71B6F007D5B43 /* CopyFiles */,
			);
			buildRules = (
			);
			dependencies = (
			);
			name = "Chapter16+Dirname";
			productName = "Chapter16+Dirname";
			productReference = A6C06D9615F71B6F007D5B43 /* Chapter16+Dirname */;
			productType = "com.apple.product-type.tool";
		};
/* End PBXNativeTarget section */

/* Begin PBXProject section */
		A6C06D8D15F71B6F007D5B43 /* Project object */ = {
			isa = PBXProject;
			attributes = {
				LastUpgradeCheck = 0420;
			};
			buildConfigurationList = A6C06D9015F71B6F007D5B43 /* Build configuration list for PBXProject "Chapter16+Dirname" */;
			compatibilityVersion = "Xcode 3.2";
			developmentRegion = English;
			hasScannedForEncodings = 0;
			knownRegions = (
				en,
			);
			mainGroup = A6C06D8B15F71B6F007D5B43;
			productRefGroup = A6C06D9715F71B6F007D5B43 /* Products */;
			projectDirPath = "";
			projectRoot = "";
			targets = (
				A6C06D9515F71B6F007D5B43 /* Chapter16+Dirname */,
			);
		};
/* End PBXProject section */

/* Begin PBXSourcesBuildPhase section */
		A6C06D9215F71B6F007D5B43 /* Sources */ = {
			isa = PBXSourcesBuildPhase;
			buildActionMask = 2147483647;
			files = (
				A6C06D9E15F71B6F007D5B43 /* main.m in Sources */,
			);
			runOnlyForDeploymentPostprocessing = 0;
		};
/* End PBXSourcesBuildPhase section */

/* Begin XCBuildConfiguration section */
		A6C06DA315F71B6F007D5B43 /* Debug */ = {
			isa = XCBuildConfiguration;
			buildSettings = {
				ALWAYS_SEARCH_USER_PATHS = NO;
				ARCHS = "$(ARCHS_STANDARD_64_BIT)";
				COPY_PHASE_STRIP = NO;
				GCC_C_LANGUAGE_STANDARD = gnu99;
				GCC_DYNAMIC_NO_PIC = NO;
				GCC_ENABLE_OBJC_EXCEPTIONS = YES;
				GCC_OPTIMIZATION_LEVEL = 0;
				GCC_PREPROCESSOR_DEFINITIONS = (
					"DEBUG=1",
					"$(inherited)",
				);
				GCC_SYMBOLS_PRIVATE_EXTERN = NO;
				GCC_VERSION = com.apple.compilers.llvm.clang.1_0;
				GCC_WARN_64_TO_32_BIT_CONVERSION = YES;
				GCC_WARN_ABOUT_MISSING_PROTOTYPES = YES;
				GCC_WARN_ABOUT_RETURN_TYPE = YES;
				GCC_WARN_UNUSED_VARIABLE = YES;
				MACOSX_DEPLOYMENT_TARGET = 10.6;
				ONLY_ACTIVE_ARCH = YES;
				SDKROOT = macosx;
			};
			name = Debug;
		};
		A6C06DA415F71B6F007D5B43 /* Release */ = {
			isa = XCBuildConfiguration;
			buildSettings = {
				ALWAYS_SEARCH_USER_PATHS = NO;
				ARCHS = "$(ARCHS_STANDARD_64_BIT)";
				COPY_PHASE_STRIP = YES;
				DEBUG_INFORMATION_FORMAT = "dwarf-with-dsym";
				GCC_C_LANGUAGE_STANDARD = gnu99;
				GCC_ENABLE_OBJC_EXCEPTIONS = YES;
				GCC_VERSION = com.apple.compilers.llvm.clang.1_0;
				GCC_WARN_64_TO_32_BIT_CONVERSION = YES;
				GCC_WARN_ABOUT_MISSING_PROTOTYPES = YES;
				GCC_WARN_ABOUT_RETURN_TYPE = YES;
				GCC_WARN_UNUSED_VARIABLE = YES;
				MACOSX_DEPLOYMENT_TARGET = 10.6;
				SDKROOT = macosx;
			};
			name = Release;
		};
		A6C06DA615F71B6F007D5B43 /* Debug */ = {
			isa = XCBuildConfiguration;
			buildSettings = {
				GCC_PRECOMPILE_PREFIX_HEADER = YES;
				GCC_PREFIX_HEADER = "Chapter16+Dirname/Chapter16+Dirname-Prefix.pch";
				PRODUCT_NAME = "$(TARGET_NAME)";
			};
			name = Debug;
		};
		A6C06DA715F71B6F007D5B43 /* Release */ = {
			isa = XCBuildConfiguration;
			buildSettings = {
				GCC_PRECOMPILE_PREFIX_HEADER = YES;
				GCC_PREFIX_HEADER = "Chapter16+Dirname/Chapter16+Dirname-Prefix.pch";
				PRODUCT_NAME = "$(TARGET_NAME)";
			};
			name = Release;
		};
/* End XCBuildConfiguration section */

/* Begin XCConfigurationList section */
		A6C06D9015F71B6F007D5B43 /* Build configuration list for PBXProject "Chapter16+Dirname" */ = {
			isa = XCConfigurationList;
			buildConfigurations = (
				A6C06DA315F71B6F007D5B43 /* Debug */,
				A6C06DA415F71B6F007D5B43 /* Release */,
			);
			defaultConfigurationIsVisible = 0;
			defaultConfigurationName = Release;
		};
		A6C06DA515F71B6F007D5B43 /* Build configuration list for PBXNativeTarget "Chapter16+Dirname" */ = {
			isa = XCConfigurationList;
			buildConfigurations = (
				A6C06DA615F71B6F007D5B43 /* Debug */,
				A6C06DA715F71B6F007D5B43 /* Release */,
			);
			defaultConfigurationIsVisible = 0;
		};
/* End XCConfigurationList section */
	};
	rootObject = A6C06D8D15F71B6F007D5B43 /* Project object */;
}
