// !$*UTF8*$!
{
	archiveVersion = 1;
	classes = {
	};
	objectVersion = 46;
	objects = {

/* Begin PBXBuildFile section */
		A6D35587160BE35800FC8A57 /* UIKit.framework in Frameworks */ = {isa = PBXBuildFile; fileRef = A6D35586160BE35800FC8A57 /* UIKit.framework */; };
		A6D35589160BE35800FC8A57 /* Foundation.framework in Frameworks */ = {isa = PBXBuildFile; fileRef = A6D35588160BE35800FC8A57 /* Foundation.framework */; };
		A6D3558B160BE35800FC8A57 /* CoreGraphics.framework in Frameworks */ = {isa = PBXBuildFile; fileRef = A6D3558A160BE35800FC8A57 /* CoreGraphics.framework */; };
		A6D35591160BE35800FC8A57 /* InfoPlist.strings in Resources */ = {isa = PBXBuildFile; fileRef = A6D3558F160BE35800FC8A57 /* InfoPlist.strings */; };
		A6D35593160BE35800FC8A57 /* main.m in Sources */ = {isa = PBXBuildFile; fileRef = A6D35592160BE35800FC8A57 /* main.m */; };
		A6D35597160BE35800FC8A57 /* AppDelegate.m in Sources */ = {isa = PBXBuildFile; fileRef = A6D35596160BE35800FC8A57 /* AppDelegate.m */; };
		A6D3559A160BE35800FC8A57 /* ViewController.m in Sources */ = {isa = PBXBuildFile; fileRef = A6D35599160BE35800FC8A57 /* ViewController.m */; };
		A6D3559D160BE35800FC8A57 /* ViewController_iPhone.xib in Resources */ = {isa = PBXBuildFile; fileRef = A6D3559B160BE35800FC8A57 /* ViewController_iPhone.xib */; };
		A6D355A0160BE35800FC8A57 /* ViewController_iPad.xib in Resources */ = {isa = PBXBuildFile; fileRef = A6D3559E160BE35800FC8A57 /* ViewController_iPad.xib */; };
/* End PBXBuildFile section */

/* Begin PBXFileReference section */
		A6D35582160BE35800FC8A57 /* Chapter21-First.app */ = {isa = PBXFileReference; explicitFileType = wrapper.application; includeInIndex = 0; path = "Chapter21-First.app"; sourceTree = BUILT_PRODUCTS_DIR; };
		A6D35586160BE35800FC8A57 /* UIKit.framework */ = {isa = PBXFileReference; lastKnownFileType = wrapper.framework; name = UIKit.framework; path = System/Library/Frameworks/UIKit.framework; sourceTree = SDKROOT; };
		A6D35588160BE35800FC8A57 /* Foundation.framework */ = {isa = PBXFileReference; lastKnownFileType = wrapper.framework; name = Foundation.framework; path = System/Library/Frameworks/Foundation.framework; sourceTree = SDKROOT; };
		A6D3558A160BE35800FC8A57 /* CoreGraphics.framework */ = {isa = PBXFileReference; lastKnownFileType = wrapper.framework; name = CoreGraphics.framework; path = System/Library/Frameworks/CoreGraphics.framework; sourceTree = SDKROOT; };
		A6D3558E160BE35800FC8A57 /* Chapter21-First-Info.plist */ = {isa = PBXFileReference; lastKnownFileType = text.plist.xml; path = "Chapter21-First-Info.plist"; sourceTree = "<group>"; };
		A6D35590160BE35800FC8A57 /* en */ = {isa = PBXFileReference; lastKnownFileType = text.plist.strings; name = en; path = en.lproj/InfoPlist.strings; sourceTree = "<group>"; };
		A6D35592160BE35800FC8A57 /* main.m */ = {isa = PBXFileReference; lastKnownFileType = sourcecode.c.objc; path = main.m; sourceTree = "<group>"; };
		A6D35594160BE35800FC8A57 /* Chapter21-First-Prefix.pch */ = {isa = PBXFileReference; lastKnownFileType = sourcecode.c.h; path = "Chapter21-First-Prefix.pch"; sourceTree = "<group>"; };
		A6D35595160BE35800FC8A57 /* AppDelegate.h */ = {isa = PBXFileReference; lastKnownFileType = sourcecode.c.h; path = AppDelegate.h; sourceTree = "<group>"; };
		A6D35596160BE35800FC8A57 /* AppDelegate.m */ = {isa = PBXFileReference; lastKnownFileType = sourcecode.c.objc; path = AppDelegate.m; sourceTree = "<group>"; };
		A6D35598160BE35800FC8A57 /* ViewController.h */ = {isa = PBXFileReference; lastKnownFileType = sourcecode.c.h; path = ViewController.h; sourceTree = "<group>"; };
		A6D35599160BE35800FC8A57 /* ViewController.m */ = {isa = PBXFileReference; lastKnownFileType = sourcecode.c.objc; path = ViewController.m; sourceTree = "<group>"; };
		A6D3559C160BE35800FC8A57 /* en */ = {isa = PBXFileReference; lastKnownFileType = file.xib; name = en; path = en.lproj/ViewController_iPhone.xib; sourceTree = "<group>"; };
		A6D3559F160BE35800FC8A57 /* en */ = {isa = PBXFileReference; lastKnownFileType = file.xib; name = en; path = en.lproj/ViewController_iPad.xib; sourceTree = "<group>"; };
/* End PBXFileReference section */

/* Begin PBXFrameworksBuildPhase section */
		A6D3557F160BE35800FC8A57 /* Frameworks */ = {
			isa = PBXFrameworksBuildPhase;
			buildActionMask = 2147483647;
			files = (
				A6D35587160BE35800FC8A57 /* UIKit.framework in Frameworks */,
				A6D35589160BE35800FC8A57 /* Foundation.framework in Frameworks */,
				A6D3558B160BE35800FC8A57 /* CoreGraphics.framework in Frameworks */,
			);
			runOnlyForDeploymentPostprocessing = 0;
		};
/* End PBXFrameworksBuildPhase section */

/* Begin PBXGroup section */
		A6D35577160BE35800FC8A57 = {
			isa = PBXGroup;
			children = (
				A6D3558C160BE35800FC8A57 /* Chapter21-First */,
				A6D35585160BE35800FC8A57 /* Frameworks */,
				A6D35583160BE35800FC8A57 /* Products */,
			);
			sourceTree = "<group>";
		};
		A6D35583160BE35800FC8A57 /* Products */ = {
			isa = PBXGroup;
			children = (
				A6D35582160BE35800FC8A57 /* Chapter21-First.app */,
			);
			name = Products;
			sourceTree = "<group>";
		};
		A6D35585160BE35800FC8A57 /* Frameworks */ = {
			isa = PBXGroup;
			children = (
				A6D35586160BE35800FC8A57 /* UIKit.framework */,
				A6D35588160BE35800FC8A57 /* Foundation.framework */,
				A6D3558A160BE35800FC8A57 /* CoreGraphics.framework */,
			);
			name = Frameworks;
			sourceTree = "<group>";
		};
		A6D3558C160BE35800FC8A57 /* Chapter21-First */ = {
			isa = PBXGroup;
			children = (
				A6D35595160BE35800FC8A57 /* AppDelegate.h */,
				A6D35596160BE35800FC8A57 /* AppDelegate.m */,
				A6D35598160BE35800FC8A57 /* ViewController.h */,
				A6D35599160BE35800FC8A57 /* ViewController.m */,
				A6D3559B160BE35800FC8A57 /* ViewController_iPhone.xib */,
				A6D3559E160BE35800FC8A57 /* ViewController_iPad.xib */,
				A6D3558D160BE35800FC8A57 /* Supporting Files */,
			);
			path = "Chapter21-First";
			sourceTree = "<group>";
		};
		A6D3558D160BE35800FC8A57 /* Supporting Files */ = {
			isa = PBXGroup;
			children = (
				A6D3558E160BE35800FC8A57 /* Chapter21-First-Info.plist */,
				A6D3558F160BE35800FC8A57 /* InfoPlist.strings */,
				A6D35592160BE35800FC8A57 /* main.m */,
				A6D35594160BE35800FC8A57 /* Chapter21-First-Prefix.pch */,
			);
			name = "Supporting Files";
			sourceTree = "<group>";
		};
/* End PBXGroup section */

/* Begin PBXNativeTarget section */
		A6D35581160BE35800FC8A57 /* Chapter21-First */ = {
			isa = PBXNativeTarget;
			buildConfigurationList = A6D355A3160BE35800FC8A57 /* Build configuration list for PBXNativeTarget "Chapter21-First" */;
			buildPhases = (
				A6D3557E160BE35800FC8A57 /* Sources */,
				A6D3557F160BE35800FC8A57 /* Frameworks */,
				A6D35580160BE35800FC8A57 /* Resources */,
			);
			buildRules = (
			);
			dependencies = (
			);
			name = "Chapter21-First";
			productName = "Chapter21-First";
			productReference = A6D35582160BE35800FC8A57 /* Chapter21-First.app */;
			productType = "com.apple.product-type.application";
		};
/* End PBXNativeTarget section */

/* Begin PBXProject section */
		A6D35579160BE35800FC8A57 /* Project object */ = {
			isa = PBXProject;
			attributes = {
				LastUpgradeCheck = 0420;
			};
			buildConfigurationList = A6D3557C160BE35800FC8A57 /* Build configuration list for PBXProject "Chapter21-First" */;
			compatibilityVersion = "Xcode 3.2";
			developmentRegion = English;
			hasScannedForEncodings = 0;
			knownRegions = (
				en,
			);
			mainGroup = A6D35577160BE35800FC8A57;
			productRefGroup = A6D35583160BE35800FC8A57 /* Products */;
			projectDirPath = "";
			projectRoot = "";
			targets = (
				A6D35581160BE35800FC8A57 /* Chapter21-First */,
			);
		};
/* End PBXProject section */

/* Begin PBXResourcesBuildPhase section */
		A6D35580160BE35800FC8A57 /* Resources */ = {
			isa = PBXResourcesBuildPhase;
			buildActionMask = 2147483647;
			files = (
				A6D35591160BE35800FC8A57 /* InfoPlist.strings in Resources */,
				A6D3559D160BE35800FC8A57 /* ViewController_iPhone.xib in Resources */,
				A6D355A0160BE35800FC8A57 /* ViewController_iPad.xib in Resources */,
			);
			runOnlyForDeploymentPostprocessing = 0;
		};
/* End PBXResourcesBuildPhase section */

/* Begin PBXSourcesBuildPhase section */
		A6D3557E160BE35800FC8A57 /* Sources */ = {
			isa = PBXSourcesBuildPhase;
			buildActionMask = 2147483647;
			files = (
				A6D35593160BE35800FC8A57 /* main.m in Sources */,
				A6D35597160BE35800FC8A57 /* AppDelegate.m in Sources */,
				A6D3559A160BE35800FC8A57 /* ViewController.m in Sources */,
			);
			runOnlyForDeploymentPostprocessing = 0;
		};
/* End PBXSourcesBuildPhase section */

/* Begin PBXVariantGroup section */
		A6D3558F160BE35800FC8A57 /* InfoPlist.strings */ = {
			isa = PBXVariantGroup;
			children = (
				A6D35590160BE35800FC8A57 /* en */,
			);
			name = InfoPlist.strings;
			sourceTree = "<group>";
		};
		A6D3559B160BE35800FC8A57 /* ViewController_iPhone.xib */ = {
			isa = PBXVariantGroup;
			children = (
				A6D3559C160BE35800FC8A57 /* en */,
			);
			name = ViewController_iPhone.xib;
			sourceTree = "<group>";
		};
		A6D3559E160BE35800FC8A57 /* ViewController_iPad.xib */ = {
			isa = PBXVariantGroup;
			children = (
				A6D3559F160BE35800FC8A57 /* en */,
			);
			name = ViewController_iPad.xib;
			sourceTree = "<group>";
		};
/* End PBXVariantGroup section */

/* Begin XCBuildConfiguration section */
		A6D355A1160BE35800FC8A57 /* Debug */ = {
			isa = XCBuildConfiguration;
			buildSettings = {
				ALWAYS_SEARCH_USER_PATHS = NO;
				ARCHS = "$(ARCHS_STANDARD_32_BIT)";
				CLANG_ENABLE_OBJC_ARC = YES;
				"CODE_SIGN_IDENTITY[sdk=iphoneos*]" = "iPhone Developer";
				COPY_PHASE_STRIP = NO;
				GCC_C_LANGUAGE_STANDARD = gnu99;
				GCC_DYNAMIC_NO_PIC = NO;
				GCC_OPTIMIZATION_LEVEL = 0;
				GCC_PREPROCESSOR_DEFINITIONS = (
					"DEBUG=1",
					"$(inherited)",
				);
				GCC_SYMBOLS_PRIVATE_EXTERN = NO;
				GCC_VERSION = com.apple.compilers.llvm.clang.1_0;
				GCC_WARN_ABOUT_MISSING_PROTOTYPES = YES;
				GCC_WARN_ABOUT_RETURN_TYPE = YES;
				GCC_WARN_UNUSED_VARIABLE = YES;
				IPHONEOS_DEPLOYMENT_TARGET = 5.0;
				SDKROOT = iphoneos;
				TARGETED_DEVICE_FAMILY = "1,2";
			};
			name = Debug;
		};
		A6D355A2160BE35800FC8A57 /* Release */ = {
			isa = XCBuildConfiguration;
			buildSettings = {
				ALWAYS_SEARCH_USER_PATHS = NO;
				ARCHS = "$(ARCHS_STANDARD_32_BIT)";
				CLANG_ENABLE_OBJC_ARC = YES;
				"CODE_SIGN_IDENTITY[sdk=iphoneos*]" = "iPhone Developer";
				COPY_PHASE_STRIP = YES;
				GCC_C_LANGUAGE_STANDARD = gnu99;
				GCC_VERSION = com.apple.compilers.llvm.clang.1_0;
				GCC_WARN_ABOUT_MISSING_PROTOTYPES = YES;
				GCC_WARN_ABOUT_RETURN_TYPE = YES;
				GCC_WARN_UNUSED_VARIABLE = YES;
				IPHONEOS_DEPLOYMENT_TARGET = 5.0;
				OTHER_CFLAGS = "-DNS_BLOCK_ASSERTIONS=1";
				SDKROOT = iphoneos;
				TARGETED_DEVICE_FAMILY = "1,2";
				VALIDATE_PRODUCT = YES;
			};
			name = Release;
		};
		A6D355A4160BE35800FC8A57 /* Debug */ = {
			isa = XCBuildConfiguration;
			buildSettings = {
				GCC_PRECOMPILE_PREFIX_HEADER = YES;
				GCC_PREFIX_HEADER = "Chapter21-First/Chapter21-First-Prefix.pch";
				INFOPLIST_FILE = "Chapter21-First/Chapter21-First-Info.plist";
				PRODUCT_NAME = "$(TARGET_NAME)";
				WRAPPER_EXTENSION = app;
			};
			name = Debug;
		};
		A6D355A5160BE35800FC8A57 /* Release */ = {
			isa = XCBuildConfiguration;
			buildSettings = {
				GCC_PRECOMPILE_PREFIX_HEADER = YES;
				GCC_PREFIX_HEADER = "Chapter21-First/Chapter21-First-Prefix.pch";
				INFOPLIST_FILE = "Chapter21-First/Chapter21-First-Info.plist";
				PRODUCT_NAME = "$(TARGET_NAME)";
				WRAPPER_EXTENSION = app;
			};
			name = Release;
		};
/* End XCBuildConfiguration section */

/* Begin XCConfigurationList section */
		A6D3557C160BE35800FC8A57 /* Build configuration list for PBXProject "Chapter21-First" */ = {
			isa = XCConfigurationList;
			buildConfigurations = (
				A6D355A1160BE35800FC8A57 /* Debug */,
				A6D355A2160BE35800FC8A57 /* Release */,
			);
			defaultConfigurationIsVisible = 0;
			defaultConfigurationName = Release;
		};
		A6D355A3160BE35800FC8A57 /* Build configuration list for PBXNativeTarget "Chapter21-First" */ = {
			isa = XCConfigurationList;
			buildConfigurations = (
				A6D355A4160BE35800FC8A57 /* Debug */,
				A6D355A5160BE35800FC8A57 /* Release */,
			);
			defaultConfigurationIsVisible = 0;
		};
/* End XCConfigurationList section */
	};
	rootObject = A6D35579160BE35800FC8A57 /* Project object */;
}
