// !$*UTF8*$!
{
	archiveVersion = 1;
	classes = {
	};
	objectVersion = 46;
	objects = {

/* Begin PBXBuildFile section */
		A683BF2315FEC5C900172B47 /* Foundation.framework in Frameworks */ = {isa = PBXBuildFile; fileRef = A683BF2215FEC5C900172B47 /* Foundation.framework */; };
		A683BF2615FEC5C900172B47 /* main.m in Sources */ = {isa = PBXBuildFile; fileRef = A683BF2515FEC5C900172B47 /* main.m */; };
		A683BF2A15FEC5C900172B47 /* Chapter17.1 in CopyFiles */ = {isa = PBXBuildFile; fileRef = A683BF2915FEC5C900172B47 /* Chapter17.1 */; };
		A683BF3215FEC90D00172B47 /* AddressBook.m in Sources */ = {isa = PBXBuildFile; fileRef = A683BF3115FEC90D00172B47 /* AddressBook.m */; };
		A683BF3515FEC9A000172B47 /* AddressCard.m in Sources */ = {isa = PBXBuildFile; fileRef = A683BF3415FEC9A000172B47 /* AddressCard.m */; };
		A683BF481600563900172B47 /* Rectangle.m in Sources */ = {isa = PBXBuildFile; fileRef = A683BF471600563900172B47 /* Rectangle.m */; };
		A683BF4B1600579600172B47 /* XYPoint.m in Sources */ = {isa = PBXBuildFile; fileRef = A683BF4A1600579600172B47 /* XYPoint.m */; };
/* End PBXBuildFile section */

/* Begin PBXCopyFilesBuildPhase section */
		A683BF1C15FEC5C900172B47 /* CopyFiles */ = {
			isa = PBXCopyFilesBuildPhase;
			buildActionMask = 2147483647;
			dstPath = /usr/share/man/man1/;
			dstSubfolderSpec = 0;
			files = (
				A683BF2A15FEC5C900172B47 /* Chapter17.1 in CopyFiles */,
			);
			runOnlyForDeploymentPostprocessing = 1;
		};
/* End PBXCopyFilesBuildPhase section */

/* Begin PBXFileReference section */
		A683BF1E15FEC5C900172B47 /* Chapter17 */ = {isa = PBXFileReference; explicitFileType = "compiled.mach-o.executable"; includeInIndex = 0; path = Chapter17; sourceTree = BUILT_PRODUCTS_DIR; };
		A683BF2215FEC5C900172B47 /* Foundation.framework */ = {isa = PBXFileReference; lastKnownFileType = wrapper.framework; name = Foundation.framework; path = System/Library/Frameworks/Foundation.framework; sourceTree = SDKROOT; };
		A683BF2515FEC5C900172B47 /* main.m */ = {isa = PBXFileReference; lastKnownFileType = sourcecode.c.objc; path = main.m; sourceTree = "<group>"; };
		A683BF2815FEC5C900172B47 /* Chapter17-Prefix.pch */ = {isa = PBXFileReference; lastKnownFileType = sourcecode.c.h; path = "Chapter17-Prefix.pch"; sourceTree = "<group>"; };
		A683BF2915FEC5C900172B47 /* Chapter17.1 */ = {isa = PBXFileReference; lastKnownFileType = text.man; path = Chapter17.1; sourceTree = "<group>"; };
		A683BF3015FEC90D00172B47 /* AddressBook.h */ = {isa = PBXFileReference; fileEncoding = 4; lastKnownFileType = sourcecode.c.h; path = AddressBook.h; sourceTree = "<group>"; };
		A683BF3115FEC90D00172B47 /* AddressBook.m */ = {isa = PBXFileReference; fileEncoding = 4; lastKnownFileType = sourcecode.c.objc; path = AddressBook.m; sourceTree = "<group>"; };
		A683BF3315FEC9A000172B47 /* AddressCard.h */ = {isa = PBXFileReference; fileEncoding = 4; lastKnownFileType = sourcecode.c.h; path = AddressCard.h; sourceTree = "<group>"; };
		A683BF3415FEC9A000172B47 /* AddressCard.m */ = {isa = PBXFileReference; fileEncoding = 4; lastKnownFileType = sourcecode.c.objc; path = AddressCard.m; sourceTree = "<group>"; };
		A683BF461600563900172B47 /* Rectangle.h */ = {isa = PBXFileReference; fileEncoding = 4; lastKnownFileType = sourcecode.c.h; name = Rectangle.h; path = ../Rectangle.h; sourceTree = "<group>"; };
		A683BF471600563900172B47 /* Rectangle.m */ = {isa = PBXFileReference; fileEncoding = 4; lastKnownFileType = sourcecode.c.objc; name = Rectangle.m; path = ../Rectangle.m; sourceTree = "<group>"; };
		A683BF491600579600172B47 /* XYPoint.h */ = {isa = PBXFileReference; fileEncoding = 4; lastKnownFileType = sourcecode.c.h; path = XYPoint.h; sourceTree = "<group>"; };
		A683BF4A1600579600172B47 /* XYPoint.m */ = {isa = PBXFileReference; fileEncoding = 4; lastKnownFileType = sourcecode.c.objc; path = XYPoint.m; sourceTree = "<group>"; };
/* End PBXFileReference section */

/* Begin PBXFrameworksBuildPhase section */
		A683BF1B15FEC5C900172B47 /* Frameworks */ = {
			isa = PBXFrameworksBuildPhase;
			buildActionMask = 2147483647;
			files = (
				A683BF2315FEC5C900172B47 /* Foundation.framework in Frameworks */,
			);
			runOnlyForDeploymentPostprocessing = 0;
		};
/* End PBXFrameworksBuildPhase section */

/* Begin PBXGroup section */
		A683BF1315FEC5C900172B47 = {
			isa = PBXGroup;
			children = (
				A683BF2415FEC5C900172B47 /* Chapter17 */,
				A683BF2115FEC5C900172B47 /* Frameworks */,
				A683BF1F15FEC5C900172B47 /* Products */,
			);
			sourceTree = "<group>";
		};
		A683BF1F15FEC5C900172B47 /* Products */ = {
			isa = PBXGroup;
			children = (
				A683BF1E15FEC5C900172B47 /* Chapter17 */,
			);
			name = Products;
			sourceTree = "<group>";
		};
		A683BF2115FEC5C900172B47 /* Frameworks */ = {
			isa = PBXGroup;
			children = (
				A683BF2215FEC5C900172B47 /* Foundation.framework */,
			);
			name = Frameworks;
			sourceTree = "<group>";
		};
		A683BF2415FEC5C900172B47 /* Chapter17 */ = {
			isa = PBXGroup;
			children = (
				A683BF2915FEC5C900172B47 /* Chapter17.1 */,
				A683BF2515FEC5C900172B47 /* main.m */,
				A683BF3015FEC90D00172B47 /* AddressBook.h */,
				A683BF3115FEC90D00172B47 /* AddressBook.m */,
				A683BF3315FEC9A000172B47 /* AddressCard.h */,
				A683BF3415FEC9A000172B47 /* AddressCard.m */,
				A683BF461600563900172B47 /* Rectangle.h */,
				A683BF471600563900172B47 /* Rectangle.m */,
				A683BF491600579600172B47 /* XYPoint.h */,
				A683BF4A1600579600172B47 /* XYPoint.m */,
				A683BF2715FEC5C900172B47 /* Supporting Files */,
			);
			path = Chapter17;
			sourceTree = "<group>";
		};
		A683BF2715FEC5C900172B47 /* Supporting Files */ = {
			isa = PBXGroup;
			children = (
				A683BF2815FEC5C900172B47 /* Chapter17-Prefix.pch */,
			);
			name = "Supporting Files";
			sourceTree = "<group>";
		};
/* End PBXGroup section */

/* Begin PBXNativeTarget section */
		A683BF1D15FEC5C900172B47 /* Chapter17 */ = {
			isa = PBXNativeTarget;
			buildConfigurationList = A683BF2D15FEC5C900172B47 /* Build configuration list for PBXNativeTarget "Chapter17" */;
			buildPhases = (
				A683BF1A15FEC5C900172B47 /* Sources */,
				A683BF1B15FEC5C900172B47 /* Frameworks */,
				A683BF1C15FEC5C900172B47 /* CopyFiles */,
			);
			buildRules = (
			);
			dependencies = (
			);
			name = Chapter17;
			productName = Chapter17;
			productReference = A683BF1E15FEC5C900172B47 /* Chapter17 */;
			productType = "com.apple.product-type.tool";
		};
/* End PBXNativeTarget section */

/* Begin PBXProject section */
		A683BF1515FEC5C900172B47 /* Project object */ = {
			isa = PBXProject;
			attributes = {
				LastUpgradeCheck = 0420;
			};
			buildConfigurationList = A683BF1815FEC5C900172B47 /* Build configuration list for PBXProject "Chapter17" */;
			compatibilityVersion = "Xcode 3.2";
			developmentRegion = English;
			hasScannedForEncodings = 0;
			knownRegions = (
				en,
			);
			mainGroup = A683BF1315FEC5C900172B47;
			productRefGroup = A683BF1F15FEC5C900172B47 /* Products */;
			projectDirPath = "";
			projectRoot = "";
			targets = (
				A683BF1D15FEC5C900172B47 /* Chapter17 */,
			);
		};
/* End PBXProject section */

/* Begin PBXSourcesBuildPhase section */
		A683BF1A15FEC5C900172B47 /* Sources */ = {
			isa = PBXSourcesBuildPhase;
			buildActionMask = 2147483647;
			files = (
				A683BF2615FEC5C900172B47 /* main.m in Sources */,
				A683BF3215FEC90D00172B47 /* AddressBook.m in Sources */,
				A683BF3515FEC9A000172B47 /* AddressCard.m in Sources */,
				A683BF481600563900172B47 /* Rectangle.m in Sources */,
				A683BF4B1600579600172B47 /* XYPoint.m in Sources */,
			);
			runOnlyForDeploymentPostprocessing = 0;
		};
/* End PBXSourcesBuildPhase section */

/* Begin XCBuildConfiguration section */
		A683BF2B15FEC5C900172B47 /* Debug */ = {
			isa = XCBuildConfiguration;
			buildSettings = {
				ALWAYS_SEARCH_USER_PATHS = NO;
				ARCHS = "$(ARCHS_STANDARD_64_BIT)";
				COPY_PHASE_STRIP = NO;
				GCC_C_LANGUAGE_STANDARD = gnu99;
				GCC_DYNAMIC_NO_PIC = NO;
				GCC_ENABLE_OBJC_EXCEPTIONS = YES;
				GCC_OPTIMIZATION_LEVEL = 0;
				GCC_PREPROCESSOR_DEFINITIONS = (
					"DEBUG=1",
					"$(inherited)",
				);
				GCC_SYMBOLS_PRIVATE_EXTERN = NO;
				GCC_VERSION = com.apple.compilers.llvm.clang.1_0;
				GCC_WARN_64_TO_32_BIT_CONVERSION = YES;
				GCC_WARN_ABOUT_MISSING_PROTOTYPES = YES;
				GCC_WARN_ABOUT_RETURN_TYPE = YES;
				GCC_WARN_UNUSED_VARIABLE = YES;
				MACOSX_DEPLOYMENT_TARGET = 10.6;
				ONLY_ACTIVE_ARCH = YES;
				SDKROOT = macosx;
			};
			name = Debug;
		};
		A683BF2C15FEC5C900172B47 /* Release */ = {
			isa = XCBuildConfiguration;
			buildSettings = {
				ALWAYS_SEARCH_USER_PATHS = NO;
				ARCHS = "$(ARCHS_STANDARD_64_BIT)";
				COPY_PHASE_STRIP = YES;
				DEBUG_INFORMATION_FORMAT = "dwarf-with-dsym";
				GCC_C_LANGUAGE_STANDARD = gnu99;
				GCC_ENABLE_OBJC_EXCEPTIONS = YES;
				GCC_VERSION = com.apple.compilers.llvm.clang.1_0;
				GCC_WARN_64_TO_32_BIT_CONVERSION = YES;
				GCC_WARN_ABOUT_MISSING_PROTOTYPES = YES;
				GCC_WARN_ABOUT_RETURN_TYPE = YES;
				GCC_WARN_UNUSED_VARIABLE = YES;
				MACOSX_DEPLOYMENT_TARGET = 10.6;
				SDKROOT = macosx;
			};
			name = Release;
		};
		A683BF2E15FEC5C900172B47 /* Debug */ = {
			isa = XCBuildConfiguration;
			buildSettings = {
				GCC_PRECOMPILE_PREFIX_HEADER = YES;
				GCC_PREFIX_HEADER = "Chapter17/Chapter17-Prefix.pch";
				PRODUCT_NAME = "$(TARGET_NAME)";
			};
			name = Debug;
		};
		A683BF2F15FEC5C900172B47 /* Release */ = {
			isa = XCBuildConfiguration;
			buildSettings = {
				GCC_PRECOMPILE_PREFIX_HEADER = YES;
				GCC_PREFIX_HEADER = "Chapter17/Chapter17-Prefix.pch";
				PRODUCT_NAME = "$(TARGET_NAME)";
			};
			name = Release;
		};
/* End XCBuildConfiguration section */

/* Begin XCConfigurationList section */
		A683BF1815FEC5C900172B47 /* Build configuration list for PBXProject "Chapter17" */ = {
			isa = XCConfigurationList;
			buildConfigurations = (
				A683BF2B15FEC5C900172B47 /* Debug */,
				A683BF2C15FEC5C900172B47 /* Release */,
			);
			defaultConfigurationIsVisible = 0;
			defaultConfigurationName = Release;
		};
		A683BF2D15FEC5C900172B47 /* Build configuration list for PBXNativeTarget "Chapter17" */ = {
			isa = XCConfigurationList;
			buildConfigurations = (
				A683BF2E15FEC5C900172B47 /* Debug */,
				A683BF2F15FEC5C900172B47 /* Release */,
			);
			defaultConfigurationIsVisible = 0;
		};
/* End XCConfigurationList section */
	};
	rootObject = A683BF1515FEC5C900172B47 /* Project object */;
}
