// !$*UTF8*$!
{
	archiveVersion = 1;
	classes = {
	};
	objectVersion = 46;
	objects = {

/* Begin PBXBuildFile section */
		A683BF5C1602B70E00172B47 /* Foundation.framework in Frameworks */ = {isa = PBXBuildFile; fileRef = A683BF5B1602B70E00172B47 /* Foundation.framework */; };
		A683BF5F1602B70E00172B47 /* main.m in Sources */ = {isa = PBXBuildFile; fileRef = A683BF5E1602B70E00172B47 /* main.m */; };
		A683BF631602B70E00172B47 /* Chapter19.1 in CopyFiles */ = {isa = PBXBuildFile; fileRef = A683BF621602B70E00172B47 /* Chapter19.1 */; };
/* End PBXBuildFile section */

/* Begin PBXCopyFilesBuildPhase section */
		A683BF551602B70E00172B47 /* CopyFiles */ = {
			isa = PBXCopyFilesBuildPhase;
			buildActionMask = 2147483647;
			dstPath = /usr/share/man/man1/;
			dstSubfolderSpec = 0;
			files = (
				A683BF631602B70E00172B47 /* Chapter19.1 in CopyFiles */,
			);
			runOnlyForDeploymentPostprocessing = 1;
		};
/* End PBXCopyFilesBuildPhase section */

/* Begin PBXFileReference section */
		A683BF571602B70E00172B47 /* Chapter19 */ = {isa = PBXFileReference; explicitFileType = "compiled.mach-o.executable"; includeInIndex = 0; path = Chapter19; sourceTree = BUILT_PRODUCTS_DIR; };
		A683BF5B1602B70E00172B47 /* Foundation.framework */ = {isa = PBXFileReference; lastKnownFileType = wrapper.framework; name = Foundation.framework; path = System/Library/Frameworks/Foundation.framework; sourceTree = SDKROOT; };
		A683BF5E1602B70E00172B47 /* main.m */ = {isa = PBXFileReference; lastKnownFileType = sourcecode.c.objc; path = main.m; sourceTree = "<group>"; };
		A683BF611602B70E00172B47 /* Chapter19-Prefix.pch */ = {isa = PBXFileReference; lastKnownFileType = sourcecode.c.h; path = "Chapter19-Prefix.pch"; sourceTree = "<group>"; };
		A683BF621602B70E00172B47 /* Chapter19.1 */ = {isa = PBXFileReference; lastKnownFileType = text.man; path = Chapter19.1; sourceTree = "<group>"; };
/* End PBXFileReference section */

/* Begin PBXFrameworksBuildPhase section */
		A683BF541602B70E00172B47 /* Frameworks */ = {
			isa = PBXFrameworksBuildPhase;
			buildActionMask = 2147483647;
			files = (
				A683BF5C1602B70E00172B47 /* Foundation.framework in Frameworks */,
			);
			runOnlyForDeploymentPostprocessing = 0;
		};
/* End PBXFrameworksBuildPhase section */

/* Begin PBXGroup section */
		A683BF4C1602B70E00172B47 = {
			isa = PBXGroup;
			children = (
				A683BF5D1602B70E00172B47 /* Chapter19 */,
				A683BF5A1602B70E00172B47 /* Frameworks */,
				A683BF581602B70E00172B47 /* Products */,
			);
			sourceTree = "<group>";
		};
		A683BF581602B70E00172B47 /* Products */ = {
			isa = PBXGroup;
			children = (
				A683BF571602B70E00172B47 /* Chapter19 */,
			);
			name = Products;
			sourceTree = "<group>";
		};
		A683BF5A1602B70E00172B47 /* Frameworks */ = {
			isa = PBXGroup;
			children = (
				A683BF5B1602B70E00172B47 /* Foundation.framework */,
			);
			name = Frameworks;
			sourceTree = "<group>";
		};
		A683BF5D1602B70E00172B47 /* Chapter19 */ = {
			isa = PBXGroup;
			children = (
				A683BF5E1602B70E00172B47 /* main.m */,
				A683BF621602B70E00172B47 /* Chapter19.1 */,
				A683BF601602B70E00172B47 /* Supporting Files */,
			);
			path = Chapter19;
			sourceTree = "<group>";
		};
		A683BF601602B70E00172B47 /* Supporting Files */ = {
			isa = PBXGroup;
			children = (
				A683BF611602B70E00172B47 /* Chapter19-Prefix.pch */,
			);
			name = "Supporting Files";
			sourceTree = "<group>";
		};
/* End PBXGroup section */

/* Begin PBXNativeTarget section */
		A683BF561602B70E00172B47 /* Chapter19 */ = {
			isa = PBXNativeTarget;
			buildConfigurationList = A683BF661602B70E00172B47 /* Build configuration list for PBXNativeTarget "Chapter19" */;
			buildPhases = (
				A683BF531602B70E00172B47 /* Sources */,
				A683BF541602B70E00172B47 /* Frameworks */,
				A683BF551602B70E00172B47 /* CopyFiles */,
			);
			buildRules = (
			);
			dependencies = (
			);
			name = Chapter19;
			productName = Chapter19;
			productReference = A683BF571602B70E00172B47 /* Chapter19 */;
			productType = "com.apple.product-type.tool";
		};
/* End PBXNativeTarget section */

/* Begin PBXProject section */
		A683BF4E1602B70E00172B47 /* Project object */ = {
			isa = PBXProject;
			attributes = {
				LastUpgradeCheck = 0420;
			};
			buildConfigurationList = A683BF511602B70E00172B47 /* Build configuration list for PBXProject "Chapter19" */;
			compatibilityVersion = "Xcode 3.2";
			developmentRegion = English;
			hasScannedForEncodings = 0;
			knownRegions = (
				en,
			);
			mainGroup = A683BF4C1602B70E00172B47;
			productRefGroup = A683BF581602B70E00172B47 /* Products */;
			projectDirPath = "";
			projectRoot = "";
			targets = (
				A683BF561602B70E00172B47 /* Chapter19 */,
			);
		};
/* End PBXProject section */

/* Begin PBXSourcesBuildPhase section */
		A683BF531602B70E00172B47 /* Sources */ = {
			isa = PBXSourcesBuildPhase;
			buildActionMask = 2147483647;
			files = (
				A683BF5F1602B70E00172B47 /* main.m in Sources */,
			);
			runOnlyForDeploymentPostprocessing = 0;
		};
/* End PBXSourcesBuildPhase section */

/* Begin XCBuildConfiguration section */
		A683BF641602B70E00172B47 /* Debug */ = {
			isa = XCBuildConfiguration;
			buildSettings = {
				ALWAYS_SEARCH_USER_PATHS = NO;
				ARCHS = "$(ARCHS_STANDARD_64_BIT)";
				COPY_PHASE_STRIP = NO;
				GCC_C_LANGUAGE_STANDARD = gnu99;
				GCC_DYNAMIC_NO_PIC = NO;
				GCC_ENABLE_OBJC_EXCEPTIONS = YES;
				GCC_OPTIMIZATION_LEVEL = 0;
				GCC_PREPROCESSOR_DEFINITIONS = (
					"DEBUG=1",
					"$(inherited)",
				);
				GCC_SYMBOLS_PRIVATE_EXTERN = NO;
				GCC_VERSION = com.apple.compilers.llvm.clang.1_0;
				GCC_WARN_64_TO_32_BIT_CONVERSION = YES;
				GCC_WARN_ABOUT_MISSING_PROTOTYPES = YES;
				GCC_WARN_ABOUT_RETURN_TYPE = YES;
				GCC_WARN_UNUSED_VARIABLE = YES;
				MACOSX_DEPLOYMENT_TARGET = 10.6;
				ONLY_ACTIVE_ARCH = YES;
				SDKROOT = macosx;
			};
			name = Debug;
		};
		A683BF651602B70E00172B47 /* Release */ = {
			isa = XCBuildConfiguration;
			buildSettings = {
				ALWAYS_SEARCH_USER_PATHS = NO;
				ARCHS = "$(ARCHS_STANDARD_64_BIT)";
				COPY_PHASE_STRIP = YES;
				DEBUG_INFORMATION_FORMAT = "dwarf-with-dsym";
				GCC_C_LANGUAGE_STANDARD = gnu99;
				GCC_ENABLE_OBJC_EXCEPTIONS = YES;
				GCC_VERSION = com.apple.compilers.llvm.clang.1_0;
				GCC_WARN_64_TO_32_BIT_CONVERSION = YES;
				GCC_WARN_ABOUT_MISSING_PROTOTYPES = YES;
				GCC_WARN_ABOUT_RETURN_TYPE = YES;
				GCC_WARN_UNUSED_VARIABLE = YES;
				MACOSX_DEPLOYMENT_TARGET = 10.6;
				SDKROOT = macosx;
			};
			name = Release;
		};
		A683BF671602B70E00172B47 /* Debug */ = {
			isa = XCBuildConfiguration;
			buildSettings = {
				GCC_PRECOMPILE_PREFIX_HEADER = YES;
				GCC_PREFIX_HEADER = "Chapter19/Chapter19-Prefix.pch";
				PRODUCT_NAME = "$(TARGET_NAME)";
			};
			name = Debug;
		};
		A683BF681602B70E00172B47 /* Release */ = {
			isa = XCBuildConfiguration;
			buildSettings = {
				GCC_PRECOMPILE_PREFIX_HEADER = YES;
				GCC_PREFIX_HEADER = "Chapter19/Chapter19-Prefix.pch";
				PRODUCT_NAME = "$(TARGET_NAME)";
			};
			name = Release;
		};
/* End XCBuildConfiguration section */

/* Begin XCConfigurationList section */
		A683BF511602B70E00172B47 /* Build configuration list for PBXProject "Chapter19" */ = {
			isa = XCConfigurationList;
			buildConfigurations = (
				A683BF641602B70E00172B47 /* Debug */,
				A683BF651602B70E00172B47 /* Release */,
			);
			defaultConfigurationIsVisible = 0;
			defaultConfigurationName = Release;
		};
		A683BF661602B70E00172B47 /* Build configuration list for PBXNativeTarget "Chapter19" */ = {
			isa = XCConfigurationList;
			buildConfigurations = (
				A683BF671602B70E00172B47 /* Debug */,
				A683BF681602B70E00172B47 /* Release */,
			);
			defaultConfigurationIsVisible = 0;
		};
/* End XCConfigurationList section */
	};
	rootObject = A683BF4E1602B70E00172B47 /* Project object */;
}
